dependencies:
- name: cs-secrets
  repository: https://artifactory.otxlab.net/artifactory/BPhelm
  version: "23.4"
- name: db
  repository: https://artifactory.otxlab.net/artifactory/BPhelm
  version: "15.2"
- name: cs-logging-configMap
  repository: https://artifactory.otxlab.net/artifactory/BPhelm
  version: "23.4"
- name: docbroker
  repository: https://artifactory.otxlab.net/artifactory/BPhelm
  version: "23.4"
- name: content-server
  repository: https://artifactory.otxlab.net/artifactory/BPhelm
  version: "23.4"
- name: dctm-ingress
  repository: https://artifactory.otxlab.net/artifactory/BPhelm
  version: "23.4"
- name: cs-dfc-properties
  repository: https://artifactory.otxlab.net/artifactory/BPhelm
  version: "23.4"
- name: dtrbase
  repository: https://artifactory.otxlab.net/artifactory/BPhelm
  version: 22.4.2
- name: dctm-rest
  repository: https://artifactory.otxlab.net/artifactory/BPhelm
  version: "23.4"
- name: dctm-cmis
  repository: https://artifactory.otxlab.net/artifactory/BPhelm
  version: "23.4"
- name: dctm-workflow-designer
  repository: https://artifactory.otxlab.net/artifactory/BPhelm
  version: "23.4"
- name: contentconnect
  repository: https://artifactory.otxlab.net/artifactory/BPhelm
  version: "23.4"
- name: da
  repository: https://artifactory.otxlab.net/artifactory/BPhelm
  version: "23.4"
- name: dfs
  repository: https://artifactory.otxlab.net/artifactory/BPhelm
  version: "23.4"
- name: records
  repository: https://artifactory.otxlab.net/artifactory/BPhelm
  version: "23.4"
- name: rqm
  repository: https://artifactory.otxlab.net/artifactory/BPhelm
  version: "23.4"
- name: otds
  repository: https://artifactory.otxlab.net/artifactory/BPhelm
  version: 23.3.0
- name: dctm-dcc
  repository: https://artifactory.otxlab.net/artifactory/BPhelm
  version: 22.4.4
digest: sha256:ef01f08fe50fe9e659f0714941a0308024eb083513663b78e4ae6609128938d6
generated: "2023-10-20T09:39:09.228891918Z"
